// !$*UTF8*$!
{
	archiveVersion = 1;
	classes = {
	};
	objectVersion = 46;
	objects = {

/* Begin PBXBuildFile section */
		2207CABE1A9F2AFD007FB727 /* BCLocalizedString.h in Headers */ = {isa = PBXBuildFile; fileRef = 2207CABD1A9F2AFD007FB727 /* BCLocalizedString.h */; settings = {ATTRIBUTES = (Public, ); }; };
		2207CAC11A9F2BDA007FB727 /* BCLocalizedTests.m in Sources */ = {isa = PBXBuildFile; fileRef = 2207CABF1A9F2BD7007FB727 /* BCLocalizedTests.m */; };
		2207CAC51A9F33A2007FB727 /* BCLocalizedString.m in Sources */ = {isa = PBXBuildFile; fileRef = 2207CAC41A9F33A2007FB727 /* BCLocalizedString.m */; };
		2207CAC61A9F3538007FB727 /* Localizable.strings in Resources */ = {isa = PBXBuildFile; fileRef = 2207CAC81A9F3538007FB727 /* Localizable.strings */; };
		2207CACB1A9F4D37007FB727 /* MoreLocalizable.strings in Resources */ = {isa = PBXBuildFile; fileRef = 2207CAC91A9F4D37007FB727 /* MoreLocalizable.strings */; };
		5BC722DF1A935F5100AC86F5 /* NSDictionary+BCFoundation.h in Headers */ = {isa = PBXBuildFile; fileRef = 5BC722DD1A935F5100AC86F5 /* NSDictionary+BCFoundation.h */; settings = {ATTRIBUTES = (Public, ); }; };
		5BC722E01A935F5100AC86F5 /* NSDictionary+BCFoundation.m in Sources */ = {isa = PBXBuildFile; fileRef = 5BC722DE1A935F5100AC86F5 /* NSDictionary+BCFoundation.m */; };
		5BC722E21A93602E00AC86F5 /* NSDictionaryBCFoundationTests.m in Sources */ = {isa = PBXBuildFile; fileRef = 5BC722E11A93602E00AC86F5 /* NSDictionaryBCFoundationTests.m */; };
		5BC722E41A9360AA00AC86F5 /* ECUnitTests.framework in Frameworks */ = {isa = PBXBuildFile; fileRef = 5BC722E31A9360AA00AC86F5 /* ECUnitTests.framework */; };
		5BC722E61A9360BD00AC86F5 /* libECLogging.a in Frameworks */ = {isa = PBXBuildFile; fileRef = 5BC722E51A9360BD00AC86F5 /* libECLogging.a */; };
		5BC722E91A936C0200AC86F5 /* BCVersionComparison.h in Headers */ = {isa = PBXBuildFile; fileRef = 5BC722E71A936C0100AC86F5 /* BCVersionComparison.h */; settings = {ATTRIBUTES = (Public, ); }; };
		5BC722EA1A936C0200AC86F5 /* BCVersionComparison.m in Sources */ = {isa = PBXBuildFile; fileRef = 5BC722E81A936C0200AC86F5 /* BCVersionComparison.m */; };
		5BC722EC1A936C8000AC86F5 /* VersionComparisonTests.m in Sources */ = {isa = PBXBuildFile; fileRef = 5BC722EB1A936C8000AC86F5 /* VersionComparisonTests.m */; };
		F50B5E0A1AD65A9900369A86 /* BCPrimitiveFunctions.h in Headers */ = {isa = PBXBuildFile; fileRef = F50B5E081AD65A9900369A86 /* BCPrimitiveFunctions.h */; settings = {ATTRIBUTES = (Public, ); }; };
		F50B5E0B1AD65A9900369A86 /* BCPrimitiveFunctions.m in Sources */ = {isa = PBXBuildFile; fileRef = F50B5E091AD65A9900369A86 /* BCPrimitiveFunctions.m */; };
		F521FF0C1A6D015E00C0BCEC /* BCPointGeometry.h in Headers */ = {isa = PBXBuildFile; fileRef = F521FF0A1A6D015E00C0BCEC /* BCPointGeometry.h */; settings = {ATTRIBUTES = (Public, ); }; };
		F521FF0D1A6D015E00C0BCEC /* BCPointGeometry.m in Sources */ = {isa = PBXBuildFile; fileRef = F521FF0B1A6D015E00C0BCEC /* BCPointGeometry.m */; };
		F521FF101A6D016600C0BCEC /* BCRectGeometry.h in Headers */ = {isa = PBXBuildFile; fileRef = F521FF0E1A6D016600C0BCEC /* BCRectGeometry.h */; settings = {ATTRIBUTES = (Public, ); }; };
		F521FF111A6D016600C0BCEC /* BCRectGeometry.m in Sources */ = {isa = PBXBuildFile; fileRef = F521FF0F1A6D016600C0BCEC /* BCRectGeometry.m */; };
		F521FF181A6D08A000C0BCEC /* BCCornerGeometry.h in Headers */ = {isa = PBXBuildFile; fileRef = F521FF161A6D08A000C0BCEC /* BCCornerGeometry.h */; settings = {ATTRIBUTES = (Public, ); }; };
		F521FF191A6D08A000C0BCEC /* BCCornerGeometry.m in Sources */ = {isa = PBXBuildFile; fileRef = F521FF171A6D08A000C0BCEC /* BCCornerGeometry.m */; };
		F521FF1C1A6D0E9600C0BCEC /* BCLineGeometry.h in Headers */ = {isa = PBXBuildFile; fileRef = F521FF1A1A6D0E9600C0BCEC /* BCLineGeometry.h */; settings = {ATTRIBUTES = (Public, ); }; };
		F521FF1D1A6D0E9600C0BCEC /* BCLineGeometry.m in Sources */ = {isa = PBXBuildFile; fileRef = F521FF1B1A6D0E9600C0BCEC /* BCLineGeometry.m */; };
		F53200701A681E9100094228 /* BCGeometry.m in Sources */ = {isa = PBXBuildFile; fileRef = F532006E1A681E9100094228 /* BCGeometry.m */; };
		F53200711A681E9100094228 /* BCGeometry.h in Headers */ = {isa = PBXBuildFile; fileRef = F532006F1A681E9100094228 /* BCGeometry.h */; settings = {ATTRIBUTES = (Public, ); }; };
		F57721F01A67F64900839649 /* libBCFoundation.a in Frameworks */ = {isa = PBXBuildFile; fileRef = F57721E51A67F64900839649 /* libBCFoundation.a */; };
		F57721FD1A67F70100839649 /* BCFoundation.h in Headers */ = {isa = PBXBuildFile; fileRef = F57721FC1A67F6F100839649 /* BCFoundation.h */; settings = {ATTRIBUTES = (Public, ); }; };
/* End PBXBuildFile section */

/* Begin PBXContainerItemProxy section */
		F57721F11A67F64900839649 /* PBXContainerItemProxy */ = {
			isa = PBXContainerItemProxy;
			containerPortal = F5C25A8016A46702002F7A70 /* Project object */;
			proxyType = 1;
			remoteGlobalIDString = F57721E41A67F64900839649;
			remoteInfo = BCFoundation;
		};
/* End PBXContainerItemProxy section */

/* Begin PBXFileReference section */
		22073BE818476195001DBAF9 /* BCAppStore.xcconfig */ = {isa = PBXFileReference; lastKnownFileType = text.xcconfig; path = BCAppStore.xcconfig; sourceTree = "<group>"; };
		22073BEA18476195001DBAF9 /* BCDebug.xcconfig */ = {isa = PBXFileReference; lastKnownFileType = text.xcconfig; path = BCDebug.xcconfig; sourceTree = "<group>"; };
		22073BEB18476195001DBAF9 /* BCNonAppStore.xcconfig */ = {isa = PBXFileReference; lastKnownFileType = text.xcconfig; path = BCNonAppStore.xcconfig; sourceTree = "<group>"; };
		22073BEC18476195001DBAF9 /* BCRelease.xcconfig */ = {isa = PBXFileReference; lastKnownFileType = text.xcconfig; path = BCRelease.xcconfig; sourceTree = "<group>"; };
		22073BED18476195001DBAF9 /* BCShared.xcconfig */ = {isa = PBXFileReference; lastKnownFileType = text.xcconfig; path = BCShared.xcconfig; sourceTree = "<group>"; };
		22073BEE18476195001DBAF9 /* BCStaticLibrary.xcconfig */ = {isa = PBXFileReference; lastKnownFileType = text.xcconfig; path = BCStaticLibrary.xcconfig; sourceTree = "<group>"; };
		22073BF018476195001DBAF9 /* BCAppStore.pch */ = {isa = PBXFileReference; lastKnownFileType = sourcecode.c.h; path = BCAppStore.pch; sourceTree = "<group>"; };
		22073BF218476195001DBAF9 /* BCDebug.pch */ = {isa = PBXFileReference; lastKnownFileType = sourcecode.c.h; path = BCDebug.pch; sourceTree = "<group>"; };
		22073BF318476195001DBAF9 /* BCNonAppStore.pch */ = {isa = PBXFileReference; lastKnownFileType = sourcecode.c.h; path = BCNonAppStore.pch; sourceTree = "<group>"; };
		22073BF418476195001DBAF9 /* BCRelease.pch */ = {isa = PBXFileReference; lastKnownFileType = sourcecode.c.h; path = BCRelease.pch; sourceTree = "<group>"; };
		22073BF518476195001DBAF9 /* BCShared.pch */ = {isa = PBXFileReference; lastKnownFileType = sourcecode.c.h; path = BCShared.pch; sourceTree = "<group>"; };
		22073BF618476195001DBAF9 /* BCTest.pch */ = {isa = PBXFileReference; lastKnownFileType = sourcecode.c.h; path = BCTest.pch; sourceTree = "<group>"; };
		22073C1F18476FEE001DBAF9 /* BCTests.xcconfig */ = {isa = PBXFileReference; lastKnownFileType = text.xcconfig; path = BCTests.xcconfig; sourceTree = "<group>"; };
		22073C2018476FEE001DBAF9 /* BCTestsDebug.xcconfig */ = {isa = PBXFileReference; lastKnownFileType = text.xcconfig; path = BCTestsDebug.xcconfig; sourceTree = "<group>"; };
		22073C2118476FEE001DBAF9 /* BCTestsRelease.xcconfig */ = {isa = PBXFileReference; lastKnownFileType = text.xcconfig; path = BCTestsRelease.xcconfig; sourceTree = "<group>"; };
		2207CABD1A9F2AFD007FB727 /* BCLocalizedString.h */ = {isa = PBXFileReference; fileEncoding = 4; lastKnownFileType = sourcecode.c.h; path = BCLocalizedString.h; sourceTree = SOURCE_ROOT; };
		2207CABF1A9F2BD7007FB727 /* BCLocalizedTests.m */ = {isa = PBXFileReference; fileEncoding = 4; lastKnownFileType = sourcecode.c.objc; path = BCLocalizedTests.m; sourceTree = "<group>"; };
		2207CAC41A9F33A2007FB727 /* BCLocalizedString.m */ = {isa = PBXFileReference; fileEncoding = 4; lastKnownFileType = sourcecode.c.objc; path = BCLocalizedString.m; sourceTree = SOURCE_ROOT; };
		2207CAC71A9F3538007FB727 /* en */ = {isa = PBXFileReference; lastKnownFileType = text.plist.strings; name = en; path = en.lproj/Localizable.strings; sourceTree = "<group>"; };
		2207CACA1A9F4D37007FB727 /* en */ = {isa = PBXFileReference; lastKnownFileType = text.plist.strings; name = en; path = en.lproj/MoreLocalizable.strings; sourceTree = "<group>"; };
		22B6B97E19827AEC00FF2D41 /* BCXPC.xcconfig */ = {isa = PBXFileReference; lastKnownFileType = text.xcconfig; path = BCXPC.xcconfig; sourceTree = "<group>"; };
		22E0C15518BCD5BC006ED6C6 /* BCIOSDebug.xcconfig */ = {isa = PBXFileReference; lastKnownFileType = text.xcconfig; path = BCIOSDebug.xcconfig; sourceTree = "<group>"; };
		22E0C15618BCD5BC006ED6C6 /* BCIOSRelease.xcconfig */ = {isa = PBXFileReference; lastKnownFileType = text.xcconfig; path = BCIOSRelease.xcconfig; sourceTree = "<group>"; };
		22E0C15718BCD5BC006ED6C6 /* BCIOSShared.xcconfig */ = {isa = PBXFileReference; lastKnownFileType = text.xcconfig; path = BCIOSShared.xcconfig; sourceTree = "<group>"; };
		5BC722DD1A935F5100AC86F5 /* NSDictionary+BCFoundation.h */ = {isa = PBXFileReference; fileEncoding = 4; lastKnownFileType = sourcecode.c.h; path = "NSDictionary+BCFoundation.h"; sourceTree = "<group>"; };
		5BC722DE1A935F5100AC86F5 /* NSDictionary+BCFoundation.m */ = {isa = PBXFileReference; fileEncoding = 4; lastKnownFileType = sourcecode.c.objc; path = "NSDictionary+BCFoundation.m"; sourceTree = "<group>"; };
		5BC722E11A93602E00AC86F5 /* NSDictionaryBCFoundationTests.m */ = {isa = PBXFileReference; fileEncoding = 4; lastKnownFileType = sourcecode.c.objc; path = NSDictionaryBCFoundationTests.m; sourceTree = "<group>"; };
		5BC722E31A9360AA00AC86F5 /* ECUnitTests.framework */ = {isa = PBXFileReference; lastKnownFileType = wrapper.framework; name = ECUnitTests.framework; path = ../../ECLogging/build/Debug/ECUnitTests.framework; sourceTree = "<group>"; };
		5BC722E51A9360BD00AC86F5 /* libECLogging.a */ = {isa = PBXFileReference; lastKnownFileType = archive.ar; name = libECLogging.a; path = "../../../../../../Library/Developer/Xcode/DerivedData/Sketch-gznhamfbxurivtfsoccvzfgmvuvm/Build/Products/Debug/libECLogging.a"; sourceTree = "<group>"; };
		5BC722E71A936C0100AC86F5 /* BCVersionComparison.h */ = {isa = PBXFileReference; fileEncoding = 4; lastKnownFileType = sourcecode.c.h; path = BCVersionComparison.h; sourceTree = "<group>"; };
		5BC722E81A936C0200AC86F5 /* BCVersionComparison.m */ = {isa = PBXFileReference; fileEncoding = 4; lastKnownFileType = sourcecode.c.objc; path = BCVersionComparison.m; sourceTree = "<group>"; };
		5BC722EB1A936C8000AC86F5 /* VersionComparisonTests.m */ = {isa = PBXFileReference; fileEncoding = 4; lastKnownFileType = sourcecode.c.objc; path = VersionComparisonTests.m; sourceTree = "<group>"; };
		F50B5E081AD65A9900369A86 /* BCPrimitiveFunctions.h */ = {isa = PBXFileReference; fileEncoding = 4; lastKnownFileType = sourcecode.c.h; path = BCPrimitiveFunctions.h; sourceTree = "<group>"; };
		F50B5E091AD65A9900369A86 /* BCPrimitiveFunctions.m */ = {isa = PBXFileReference; fileEncoding = 4; lastKnownFileType = sourcecode.c.objc; path = BCPrimitiveFunctions.m; sourceTree = "<group>"; };
		F521FF0A1A6D015E00C0BCEC /* BCPointGeometry.h */ = {isa = PBXFileReference; fileEncoding = 4; lastKnownFileType = sourcecode.c.h; path = BCPointGeometry.h; sourceTree = "<group>"; };
		F521FF0B1A6D015E00C0BCEC /* BCPointGeometry.m */ = {isa = PBXFileReference; fileEncoding = 4; lastKnownFileType = sourcecode.c.objc; path = BCPointGeometry.m; sourceTree = "<group>"; };
		F521FF0E1A6D016600C0BCEC /* BCRectGeometry.h */ = {isa = PBXFileReference; fileEncoding = 4; lastKnownFileType = sourcecode.c.h; path = BCRectGeometry.h; sourceTree = "<group>"; };
		F521FF0F1A6D016600C0BCEC /* BCRectGeometry.m */ = {isa = PBXFileReference; fileEncoding = 4; lastKnownFileType = sourcecode.c.objc; path = BCRectGeometry.m; sourceTree = "<group>"; };
		F521FF161A6D08A000C0BCEC /* BCCornerGeometry.h */ = {isa = PBXFileReference; fileEncoding = 4; lastKnownFileType = sourcecode.c.h; path = BCCornerGeometry.h; sourceTree = "<group>"; };
		F521FF171A6D08A000C0BCEC /* BCCornerGeometry.m */ = {isa = PBXFileReference; fileEncoding = 4; lastKnownFileType = sourcecode.c.objc; path = BCCornerGeometry.m; sourceTree = "<group>"; };
		F521FF1A1A6D0E9600C0BCEC /* BCLineGeometry.h */ = {isa = PBXFileReference; fileEncoding = 4; lastKnownFileType = sourcecode.c.h; path = BCLineGeometry.h; sourceTree = "<group>"; };
		F521FF1B1A6D0E9600C0BCEC /* BCLineGeometry.m */ = {isa = PBXFileReference; fileEncoding = 4; lastKnownFileType = sourcecode.c.objc; path = BCLineGeometry.m; sourceTree = "<group>"; };
		F532006E1A681E9100094228 /* BCGeometry.m */ = {isa = PBXFileReference; fileEncoding = 4; lastKnownFileType = sourcecode.c.objc; name = BCGeometry.m; path = ../BCGeometry.m; sourceTree = "<group>"; };
		F532006F1A681E9100094228 /* BCGeometry.h */ = {isa = PBXFileReference; fileEncoding = 4; lastKnownFileType = sourcecode.c.h; name = BCGeometry.h; path = ../BCGeometry.h; sourceTree = "<group>"; };
		F57721E51A67F64900839649 /* libBCFoundation.a */ = {isa = PBXFileReference; explicitFileType = archive.ar; includeInIndex = 0; path = libBCFoundation.a; sourceTree = BUILT_PRODUCTS_DIR; };
		F57721EF1A67F64900839649 /* BCFoundationTests.xctest */ = {isa = PBXFileReference; explicitFileType = wrapper.cfbundle; includeInIndex = 0; path = BCFoundationTests.xctest; sourceTree = BUILT_PRODUCTS_DIR; };
		F57721F51A67F64900839649 /* Info.plist */ = {isa = PBXFileReference; lastKnownFileType = text.plist.xml; path = Info.plist; sourceTree = "<group>"; };
		F57721FC1A67F6F100839649 /* BCFoundation.h */ = {isa = PBXFileReference; lastKnownFileType = sourcecode.c.h; name = BCFoundation.h; path = Source/BCFoundation.h; sourceTree = "<group>"; };
		F57722061A67FF0400839649 /* BCFoundationDebug.xcconfig */ = {isa = PBXFileReference; fileEncoding = 4; lastKnownFileType = text.xcconfig; path = BCFoundationDebug.xcconfig; sourceTree = "<group>"; };
		F57722071A67FF0400839649 /* BCFoundationRelease.xcconfig */ = {isa = PBXFileReference; fileEncoding = 4; lastKnownFileType = text.xcconfig; path = BCFoundationRelease.xcconfig; sourceTree = "<group>"; };
		F57722081A67FF0400839649 /* BCFoundationShared.xcconfig */ = {isa = PBXFileReference; fileEncoding = 4; lastKnownFileType = text.xcconfig; path = BCFoundationShared.xcconfig; sourceTree = "<group>"; };
		F57722091A67FF1200839649 /* BCFoundationTestsShared.xcconfig */ = {isa = PBXFileReference; fileEncoding = 4; lastKnownFileType = text.xcconfig; path = BCFoundationTestsShared.xcconfig; sourceTree = "<group>"; };
		F577220A1A67FF1200839649 /* BCFoundationTestsDebug.xcconfig */ = {isa = PBXFileReference; fileEncoding = 4; lastKnownFileType = text.xcconfig; path = BCFoundationTestsDebug.xcconfig; sourceTree = "<group>"; };
		F577220B1A67FF1200839649 /* BCFoundationTestsRelease.xcconfig */ = {isa = PBXFileReference; fileEncoding = 4; lastKnownFileType = text.xcconfig; path = BCFoundationTestsRelease.xcconfig; sourceTree = "<group>"; };
/* End PBXFileReference section */

/* Begin PBXFrameworksBuildPhase section */
		F57721E21A67F64900839649 /* Frameworks */ = {
			isa = PBXFrameworksBuildPhase;
			buildActionMask = 2147483647;
			files = (
			);
			runOnlyForDeploymentPostprocessing = 0;
		};
		F57721EC1A67F64900839649 /* Frameworks */ = {
			isa = PBXFrameworksBuildPhase;
			buildActionMask = 2147483647;
			files = (
				5BC722E61A9360BD00AC86F5 /* libECLogging.a in Frameworks */,
				5BC722E41A9360AA00AC86F5 /* ECUnitTests.framework in Frameworks */,
				F57721F01A67F64900839649 /* libBCFoundation.a in Frameworks */,
			);
			runOnlyForDeploymentPostprocessing = 0;
		};
/* End PBXFrameworksBuildPhase section */

/* Begin PBXGroup section */
		22073BE718476195001DBAF9 /* Shared Configs */ = {
			isa = PBXGroup;
			children = (
				22073BE818476195001DBAF9 /* BCAppStore.xcconfig */,
				22073BEA18476195001DBAF9 /* BCDebug.xcconfig */,
				22E0C15518BCD5BC006ED6C6 /* BCIOSDebug.xcconfig */,
				22E0C15618BCD5BC006ED6C6 /* BCIOSRelease.xcconfig */,
				22E0C15718BCD5BC006ED6C6 /* BCIOSShared.xcconfig */,
				22073BEB18476195001DBAF9 /* BCNonAppStore.xcconfig */,
				22073BEC18476195001DBAF9 /* BCRelease.xcconfig */,
				22073BED18476195001DBAF9 /* BCShared.xcconfig */,
				22073BEE18476195001DBAF9 /* BCStaticLibrary.xcconfig */,
				22073C1F18476FEE001DBAF9 /* BCTests.xcconfig */,
				22073C2018476FEE001DBAF9 /* BCTestsDebug.xcconfig */,
				22073C2118476FEE001DBAF9 /* BCTestsRelease.xcconfig */,
				22B6B97E19827AEC00FF2D41 /* BCXPC.xcconfig */,
			);
			name = "Shared Configs";
			path = Configs;
			sourceTree = SOURCE_ROOT;
		};
		22073BEF18476195001DBAF9 /* Prefixes */ = {
			isa = PBXGroup;
			children = (
				22073BF018476195001DBAF9 /* BCAppStore.pch */,
				22073BF218476195001DBAF9 /* BCDebug.pch */,
				22073BF318476195001DBAF9 /* BCNonAppStore.pch */,
				22073BF418476195001DBAF9 /* BCRelease.pch */,
				22073BF518476195001DBAF9 /* BCShared.pch */,
				22073BF618476195001DBAF9 /* BCTest.pch */,
			);
			path = Prefixes;
			sourceTree = SOURCE_ROOT;
		};
		F50B5E071AD659E600369A86 /* Frameworks */ = {
			isa = PBXGroup;
			children = (
				5BC722E51A9360BD00AC86F5 /* libECLogging.a */,
				5BC722E31A9360AA00AC86F5 /* ECUnitTests.framework */,
			);
			name = Frameworks;
			path = Source;
			sourceTree = "<group>";
		};
		F57721E61A67F64900839649 /* Source */ = {
			isa = PBXGroup;
			children = (
				F521FF161A6D08A000C0BCEC /* BCCornerGeometry.h */,
				F521FF171A6D08A000C0BCEC /* BCCornerGeometry.m */,
				F532006F1A681E9100094228 /* BCGeometry.h */,
				F532006E1A681E9100094228 /* BCGeometry.m */,
				F521FF1A1A6D0E9600C0BCEC /* BCLineGeometry.h */,
				F521FF1B1A6D0E9600C0BCEC /* BCLineGeometry.m */,
				2207CABD1A9F2AFD007FB727 /* BCLocalizedString.h */,
				2207CAC41A9F33A2007FB727 /* BCLocalizedString.m */,
				F521FF0A1A6D015E00C0BCEC /* BCPointGeometry.h */,
				F521FF0B1A6D015E00C0BCEC /* BCPointGeometry.m */,
				F521FF0E1A6D016600C0BCEC /* BCRectGeometry.h */,
				F521FF0F1A6D016600C0BCEC /* BCRectGeometry.m */,
				5BC722E71A936C0100AC86F5 /* BCVersionComparison.h */,
				5BC722E81A936C0200AC86F5 /* BCVersionComparison.m */,
				5BC722DD1A935F5100AC86F5 /* NSDictionary+BCFoundation.h */,
				5BC722DE1A935F5100AC86F5 /* NSDictionary+BCFoundation.m */,
				F50B5E081AD65A9900369A86 /* BCPrimitiveFunctions.h */,
				F50B5E091AD65A9900369A86 /* BCPrimitiveFunctions.m */,
			);
			path = Source;
			sourceTree = "<group>";
		};
		F57721F31A67F64900839649 /* Tests */ = {
			isa = PBXGroup;
			children = (
				2207CABF1A9F2BD7007FB727 /* BCLocalizedTests.m */,
				5BC722E11A93602E00AC86F5 /* NSDictionaryBCFoundationTests.m */,
				5BC722EB1A936C8000AC86F5 /* VersionComparisonTests.m */,
				F57721F41A67F64900839649 /* Supporting Files */,
			);
			path = Tests;
			sourceTree = "<group>";
		};
		F57721F41A67F64900839649 /* Supporting Files */ = {
			isa = PBXGroup;
			children = (
				F57722101A67FF3600839649 /* Configs */,
				F57721F51A67F64900839649 /* Info.plist */,
				2207CAC81A9F3538007FB727 /* Localizable.strings */,
				2207CAC91A9F4D37007FB727 /* MoreLocalizable.strings */,
			);
			name = "Supporting Files";
			sourceTree = "<group>";
		};
		F577220F1A67FF1800839649 /* Configs */ = {
			isa = PBXGroup;
			children = (
				F57722061A67FF0400839649 /* BCFoundationDebug.xcconfig */,
				F57722071A67FF0400839649 /* BCFoundationRelease.xcconfig */,
				F57722081A67FF0400839649 /* BCFoundationShared.xcconfig */,
				22073BE718476195001DBAF9 /* Shared Configs */,
			);
			name = Configs;
			path = Source;
			sourceTree = "<group>";
		};
		F57722101A67FF3600839649 /* Configs */ = {
			isa = PBXGroup;
			children = (
				F577220A1A67FF1200839649 /* BCFoundationTestsDebug.xcconfig */,
				F577220B1A67FF1200839649 /* BCFoundationTestsRelease.xcconfig */,
				F57722091A67FF1200839649 /* BCFoundationTestsShared.xcconfig */,
			);
			name = Configs;
			sourceTree = "<group>";
		};
		F5C25A7E16A46702002F7A70 = {
			isa = PBXGroup;
			children = (
				F57721FC1A67F6F100839649 /* BCFoundation.h */,
				F57721E61A67F64900839649 /* Source */,
				F50B5E071AD659E600369A86 /* Frameworks */,
				F577220F1A67FF1800839649 /* Configs */,
				F57721F31A67F64900839649 /* Tests */,
				22073BEF18476195001DBAF9 /* Prefixes */,
				F5C25A8A16A46702002F7A70 /* Products */,
			);
			indentWidth = 2;
			sourceTree = "<group>";
			tabWidth = 2;
		};
		F5C25A8A16A46702002F7A70 /* Products */ = {
			isa = PBXGroup;
			children = (
				F57721E51A67F64900839649 /* libBCFoundation.a */,
				F57721EF1A67F64900839649 /* BCFoundationTests.xctest */,
			);
			name = Products;
			sourceTree = "<group>";
		};
/* End PBXGroup section */

/* Begin PBXHeadersBuildPhase section */
		F57721E31A67F64900839649 /* Headers */ = {
			isa = PBXHeadersBuildPhase;
			buildActionMask = 2147483647;
			files = (
				F521FF1C1A6D0E9600C0BCEC /* BCLineGeometry.h in Headers */,
				5BC722E91A936C0200AC86F5 /* BCVersionComparison.h in Headers */,
				5BC722DF1A935F5100AC86F5 /* NSDictionary+BCFoundation.h in Headers */,
				F521FF101A6D016600C0BCEC /* BCRectGeometry.h in Headers */,
				F57721FD1A67F70100839649 /* BCFoundation.h in Headers */,
				2207CABE1A9F2AFD007FB727 /* BCLocalizedString.h in Headers */,
				F521FF181A6D08A000C0BCEC /* BCCornerGeometry.h in Headers */,
				F521FF0C1A6D015E00C0BCEC /* BCPointGeometry.h in Headers */,
				F53200711A681E9100094228 /* BCGeometry.h in Headers */,
				F50B5E0A1AD65A9900369A86 /* BCPrimitiveFunctions.h in Headers */,
			);
			runOnlyForDeploymentPostprocessing = 0;
		};
/* End PBXHeadersBuildPhase section */

/* Begin PBXNativeTarget section */
		F57721E41A67F64900839649 /* BCFoundation */ = {
			isa = PBXNativeTarget;
			buildConfigurationList = F57721FA1A67F64900839649 /* Build configuration list for PBXNativeTarget "BCFoundation" */;
			buildPhases = (
				F57721E11A67F64900839649 /* Sources */,
				F57721E21A67F64900839649 /* Frameworks */,
				F57721E31A67F64900839649 /* Headers */,
			);
			buildRules = (
			);
			dependencies = (
			);
			name = BCFoundation;
			productName = BCFoundation;
			productReference = F57721E51A67F64900839649 /* libBCFoundation.a */;
			productType = "com.apple.product-type.library.static";
		};
		F57721EE1A67F64900839649 /* BCFoundationTests */ = {
			isa = PBXNativeTarget;
			buildConfigurationList = F57721FB1A67F64900839649 /* Build configuration list for PBXNativeTarget "BCFoundationTests" */;
			buildPhases = (
				F57721EB1A67F64900839649 /* Sources */,
				F57721EC1A67F64900839649 /* Frameworks */,
				F57721ED1A67F64900839649 /* Resources */,
			);
			buildRules = (
			);
			dependencies = (
				F57721F21A67F64900839649 /* PBXTargetDependency */,
			);
			name = BCFoundationTests;
			productName = BCFoundationTests;
			productReference = F57721EF1A67F64900839649 /* BCFoundationTests.xctest */;
			productType = "com.apple.product-type.bundle.unit-test";
		};
/* End PBXNativeTarget section */

/* Begin PBXProject section */
		F5C25A8016A46702002F7A70 /* Project object */ = {
			isa = PBXProject;
			attributes = {
				LastUpgradeCheck = 0630;
				ORGANIZATIONNAME = "Bohemian Coding";
				TargetAttributes = {
					F57721E41A67F64900839649 = {
						CreatedOnToolsVersion = 6.1.1;
					};
					F57721EE1A67F64900839649 = {
						CreatedOnToolsVersion = 6.1.1;
					};
				};
			};
			buildConfigurationList = F5C25A8316A46702002F7A70 /* Build configuration list for PBXProject "BCFoundation" */;
			compatibilityVersion = "Xcode 3.2";
			developmentRegion = English;
			hasScannedForEncodings = 0;
			knownRegions = (
				en,
			);
			mainGroup = F5C25A7E16A46702002F7A70;
			productRefGroup = F5C25A8A16A46702002F7A70 /* Products */;
			projectDirPath = "";
			projectRoot = "";
			targets = (
				F57721E41A67F64900839649 /* BCFoundation */,
				F57721EE1A67F64900839649 /* BCFoundationTests */,
			);
		};
/* End PBXProject section */

/* Begin PBXResourcesBuildPhase section */
		F57721ED1A67F64900839649 /* Resources */ = {
			isa = PBXResourcesBuildPhase;
			buildActionMask = 2147483647;
			files = (
				2207CACB1A9F4D37007FB727 /* MoreLocalizable.strings in Resources */,
				2207CAC61A9F3538007FB727 /* Localizable.strings in Resources */,
			);
			runOnlyForDeploymentPostprocessing = 0;
		};
/* End PBXResourcesBuildPhase section */

/* Begin PBXSourcesBuildPhase section */
		F57721E11A67F64900839649 /* Sources */ = {
			isa = PBXSourcesBuildPhase;
			buildActionMask = 2147483647;
			files = (
				F53200701A681E9100094228 /* BCGeometry.m in Sources */,
				2207CAC51A9F33A2007FB727 /* BCLocalizedString.m in Sources */,
				F521FF191A6D08A000C0BCEC /* BCCornerGeometry.m in Sources */,
				F521FF111A6D016600C0BCEC /* BCRectGeometry.m in Sources */,
				F521FF1D1A6D0E9600C0BCEC /* BCLineGeometry.m in Sources */,
				5BC722EA1A936C0200AC86F5 /* BCVersionComparison.m in Sources */,
				5BC722E01A935F5100AC86F5 /* NSDictionary+BCFoundation.m in Sources */,
				F521FF0D1A6D015E00C0BCEC /* BCPointGeometry.m in Sources */,
				F50B5E0B1AD65A9900369A86 /* BCPrimitiveFunctions.m in Sources */,
			);
			runOnlyForDeploymentPostprocessing = 0;
		};
		F57721EB1A67F64900839649 /* Sources */ = {
			isa = PBXSourcesBuildPhase;
			buildActionMask = 2147483647;
			files = (
				2207CAC11A9F2BDA007FB727 /* BCLocalizedTests.m in Sources */,
				5BC722E21A93602E00AC86F5 /* NSDictionaryBCFoundationTests.m in Sources */,
				5BC722EC1A936C8000AC86F5 /* VersionComparisonTests.m in Sources */,
			);
			runOnlyForDeploymentPostprocessing = 0;
		};
/* End PBXSourcesBuildPhase section */

/* Begin PBXTargetDependency section */
		F57721F21A67F64900839649 /* PBXTargetDependency */ = {
			isa = PBXTargetDependency;
			target = F57721E41A67F64900839649 /* BCFoundation */;
			targetProxy = F57721F11A67F64900839649 /* PBXContainerItemProxy */;
		};
/* End PBXTargetDependency section */

/* Begin PBXVariantGroup section */
		2207CAC81A9F3538007FB727 /* Localizable.strings */ = {
			isa = PBXVariantGroup;
			children = (
				2207CAC71A9F3538007FB727 /* en */,
			);
			name = Localizable.strings;
			sourceTree = "<group>";
		};
		2207CAC91A9F4D37007FB727 /* MoreLocalizable.strings */ = {
			isa = PBXVariantGroup;
			children = (
				2207CACA1A9F4D37007FB727 /* en */,
			);
			name = MoreLocalizable.strings;
			sourceTree = "<group>";
		};
/* End PBXVariantGroup section */

/* Begin XCBuildConfiguration section */
		F57721F61A67F64900839649 /* Debug */ = {
			isa = XCBuildConfiguration;
			baseConfigurationReference = F57722061A67FF0400839649 /* BCFoundationDebug.xcconfig */;
			buildSettings = {
			};
			name = Debug;
		};
		F57721F71A67F64900839649 /* Release */ = {
			isa = XCBuildConfiguration;
			baseConfigurationReference = F57722071A67FF0400839649 /* BCFoundationRelease.xcconfig */;
			buildSettings = {
			};
			name = Release;
		};
		F57721F81A67F64900839649 /* Debug */ = {
			isa = XCBuildConfiguration;
			baseConfigurationReference = F577220A1A67FF1200839649 /* BCFoundationTestsDebug.xcconfig */;
			buildSettings = {
				INFOPLIST_FILE = Tests/Info.plist;
				PRODUCT_NAME = "$(TARGET_NAME)";
			};
			name = Debug;
		};
		F57721F91A67F64900839649 /* Release */ = {
			isa = XCBuildConfiguration;
			baseConfigurationReference = F577220B1A67FF1200839649 /* BCFoundationTestsRelease.xcconfig */;
			buildSettings = {
				INFOPLIST_FILE = Tests/Info.plist;
				PRODUCT_NAME = "$(TARGET_NAME)";
			};
			name = Release;
		};
		F5C25A9816A46702002F7A70 /* Debug */ = {
			isa = XCBuildConfiguration;
			buildSettings = {
			};
			name = Debug;
		};
		F5C25A9916A46702002F7A70 /* Release */ = {
			isa = XCBuildConfiguration;
			buildSettings = {
			};
			name = Release;
		};
/* End XCBuildConfiguration section */

/* Begin XCConfigurationList section */
		F57721FA1A67F64900839649 /* Build configuration list for PBXNativeTarget "BCFoundation" */ = {
			isa = XCConfigurationList;
			buildConfigurations = (
				F57721F61A67F64900839649 /* Debug */,
				F57721F71A67F64900839649 /* Release */,
			);
			defaultConfigurationIsVisible = 0;
			defaultConfigurationName = Release;
		};
		F57721FB1A67F64900839649 /* Build configuration list for PBXNativeTarget "BCFoundationTests" */ = {
			isa = XCConfigurationList;
			buildConfigurations = (
				F57721F81A67F64900839649 /* Debug */,
				F57721F91A67F64900839649 /* Release */,
			);
			defaultConfigurationIsVisible = 0;
			defaultConfigurationName = Release;
		};
		F5C25A8316A46702002F7A70 /* Build configuration list for PBXProject "BCFoundation" */ = {
			isa = XCConfigurationList;
			buildConfigurations = (
				F5C25A9816A46702002F7A70 /* Debug */,
				F5C25A9916A46702002F7A70 /* Release */,
			);
			defaultConfigurationIsVisible = 0;
			defaultConfigurationName = Release;
		};
/* End XCConfigurationList section */
	};
	rootObject = F5C25A8016A46702002F7A70 /* Project object */;
}
